
Microsoft Visual Studio Solution File, Format Version 12.00
# Visual Studio Version 16
VisualStudioVersion = 16.0.30907.101
MinimumVisualStudioVersion = 10.0.40219.1
Project("{FAE04EC0-301F-11D3-BF4B-00C04F79EFBC}") = "GameTester", "GameTester\GameTester.csproj", "{A20D3B18-5307-4B1A-BE82-6B4BFA882087}"
EndProject
Global
	GlobalSection(SolutionConfigurationPlatforms) = preSolution
		Debug|Any CPU = Debug|Any CPU
		Release|Any CPU = Release|Any CPU
	EndGlobalSection
	GlobalSection(ProjectConfigurationPlatforms) = postSolution
		{A20D3B18-5307-4B1A-BE82-6B4BFA882087}.Debug|Any CPU.ActiveCfg = Debug|Any CPU
		{A20D3B18-5307-4B1A-BE82-6B4BFA882087}.Debug|Any CPU.Build.0 = Debug|Any CPU
		{A20D3B18-5307-4B1A-BE82-6B4BFA882087}.Release|Any CPU.ActiveCfg = Release|Any CPU
		{A20D3B18-5307-4B1A-BE82-6B4BFA882087}.Release|Any CPU.Build.0 = Release|Any CPU
	EndGlobalSection
	GlobalSection(SolutionProperties) = preSolution
		HideSolutionNode = FALSE
	EndGlobalSection
	GlobalSection(ExtensibilityGlobals) = postSolution
		SolutionGuid = {25580AA2-A362-43C9-B359-5B37A0A37A07}
	EndGlobalSection
EndGlobal
